
Microsoft Visual Studio Solution File, Format Version 12.00
# Visual Studio Version 17
VisualStudioVersion = 17.11.35222.181
MinimumVisualStudioVersion = 10.0.40219.1
Project("{F184B08F-C81C-45F6-A57F-5ABD9991F28F}") = "LitePM", "LitePM.vbproj", "{4483B5B3-F749-4A2B-BEAC-DD0350C5B891}"
EndProject
Project("{FAE04EC0-301F-11D3-BF4B-00C04F79EFBC}") = "Aga.Controls", "..\Aga.Controls\Aga.Controls.csproj", "{E73BB233-D88B-44A7-A98F-D71EE158381D}"
EndProject
Project("{FAE04EC0-301F-11D3-BF4B-00C04F79EFBC}") = "InteractiveProcessFromService", "..\InteractiveProcessFromService\InteractiveProcessFromService.csproj", "{6C8A134F-E0E8-4F5D-8DC5-57313CEC1E3A}"
EndProject
Project("{FAE04EC0-301F-11D3-BF4B-00C04F79EFBC}") = "SecureChannel", "..\SecureChannel\SecureChannel.csproj", "{602F813A-2157-4050-8ADA-10217636F33E}"
EndProject
Project("{FAE04EC0-301F-11D3-BF4B-00C04F79EFBC}") = "SecurePasswordTextBox", "..\SecurePasswordTextBox\SecurePasswordTextBox.csproj", "{12EE0447-8AC7-4E1C-87B3-428A1A414CDF}"
EndProject
Project("{FAE04EC0-301F-11D3-BF4B-00C04F79EFBC}") = "TaskDialog", "..\TaskDialog\TaskDialog.csproj", "{5BF15AF5-DEB8-46A8-99C7-21993617D0C8}"
EndProject
Global
	GlobalSection(SolutionConfigurationPlatforms) = preSolution
		BuildZipRelease|Any CPU = BuildZipRelease|Any CPU
		Debug - replace taskmgr|Any CPU = Debug - replace taskmgr|Any CPU
		Debug - server|Any CPU = Debug - server|Any CPU
		Debug (replace taskmgr)|Any CPU = Debug (replace taskmgr)|Any CPU
		Debug_CreateSnapshot|Any CPU = Debug_CreateSnapshot|Any CPU
		Debug|Any CPU = Debug|Any CPU
		DebugServer|Any CPU = DebugServer|Any CPU
		Make zip release|Any CPU = Make zip release|Any CPU
		Release - server|Any CPU = Release - server|Any CPU
		Release|Any CPU = Release|Any CPU
	EndGlobalSection
	GlobalSection(ProjectConfigurationPlatforms) = postSolution
		{4483B5B3-F749-4A2B-BEAC-DD0350C5B891}.BuildZipRelease|Any CPU.ActiveCfg = BuildZipRelease|Any CPU
		{4483B5B3-F749-4A2B-BEAC-DD0350C5B891}.BuildZipRelease|Any CPU.Build.0 = BuildZipRelease|Any CPU
		{4483B5B3-F749-4A2B-BEAC-DD0350C5B891}.Debug - replace taskmgr|Any CPU.ActiveCfg = Debug - replace taskmgr|Any CPU
		{4483B5B3-F749-4A2B-BEAC-DD0350C5B891}.Debug - replace taskmgr|Any CPU.Build.0 = Debug - replace taskmgr|Any CPU
		{4483B5B3-F749-4A2B-BEAC-DD0350C5B891}.Debug - server|Any CPU.ActiveCfg = Debug - server|Any CPU
		{4483B5B3-F749-4A2B-BEAC-DD0350C5B891}.Debug - server|Any CPU.Build.0 = Debug - server|Any CPU
		{4483B5B3-F749-4A2B-BEAC-DD0350C5B891}.Debug (replace taskmgr)|Any CPU.ActiveCfg = Debug (replace taskmgr)|Any CPU
		{4483B5B3-F749-4A2B-BEAC-DD0350C5B891}.Debug (replace taskmgr)|Any CPU.Build.0 = Debug (replace taskmgr)|Any CPU
		{4483B5B3-F749-4A2B-BEAC-DD0350C5B891}.Debug_CreateSnapshot|Any CPU.ActiveCfg = Debug_CreateSnapshot|Any CPU
		{4483B5B3-F749-4A2B-BEAC-DD0350C5B891}.Debug_CreateSnapshot|Any CPU.Build.0 = Debug_CreateSnapshot|Any CPU
		{4483B5B3-F749-4A2B-BEAC-DD0350C5B891}.Debug|Any CPU.ActiveCfg = Debug|Any CPU
		{4483B5B3-F749-4A2B-BEAC-DD0350C5B891}.Debug|Any CPU.Build.0 = Debug|Any CPU
		{4483B5B3-F749-4A2B-BEAC-DD0350C5B891}.DebugServer|Any CPU.ActiveCfg = DebugServer|Any CPU
		{4483B5B3-F749-4A2B-BEAC-DD0350C5B891}.DebugServer|Any CPU.Build.0 = DebugServer|Any CPU
		{4483B5B3-F749-4A2B-BEAC-DD0350C5B891}.Make zip release|Any CPU.ActiveCfg = Make zip release|Any CPU
		{4483B5B3-F749-4A2B-BEAC-DD0350C5B891}.Make zip release|Any CPU.Build.0 = Make zip release|Any CPU
		{4483B5B3-F749-4A2B-BEAC-DD0350C5B891}.Release - server|Any CPU.ActiveCfg = Release - server|Any CPU
		{4483B5B3-F749-4A2B-BEAC-DD0350C5B891}.Release - server|Any CPU.Build.0 = Release - server|Any CPU
		{4483B5B3-F749-4A2B-BEAC-DD0350C5B891}.Release|Any CPU.ActiveCfg = Release|Any CPU
		{4483B5B3-F749-4A2B-BEAC-DD0350C5B891}.Release|Any CPU.Build.0 = Release|Any CPU
		{E73BB233-D88B-44A7-A98F-D71EE158381D}.BuildZipRelease|Any CPU.ActiveCfg = Release|Any CPU
		{E73BB233-D88B-44A7-A98F-D71EE158381D}.BuildZipRelease|Any CPU.Build.0 = Release|Any CPU
		{E73BB233-D88B-44A7-A98F-D71EE158381D}.Debug - replace taskmgr|Any CPU.ActiveCfg = Debug_CreateSnapshot|Any CPU
		{E73BB233-D88B-44A7-A98F-D71EE158381D}.Debug - replace taskmgr|Any CPU.Build.0 = Debug_CreateSnapshot|Any CPU
		{E73BB233-D88B-44A7-A98F-D71EE158381D}.Debug - server|Any CPU.ActiveCfg = Debug_CreateSnapshot|Any CPU
		{E73BB233-D88B-44A7-A98F-D71EE158381D}.Debug - server|Any CPU.Build.0 = Debug_CreateSnapshot|Any CPU
		{E73BB233-D88B-44A7-A98F-D71EE158381D}.Debug (replace taskmgr)|Any CPU.ActiveCfg = Debug_CreateSnapshot|Any CPU
		{E73BB233-D88B-44A7-A98F-D71EE158381D}.Debug (replace taskmgr)|Any CPU.Build.0 = Debug_CreateSnapshot|Any CPU
		{E73BB233-D88B-44A7-A98F-D71EE158381D}.Debug_CreateSnapshot|Any CPU.ActiveCfg = Debug_CreateSnapshot|Any CPU
		{E73BB233-D88B-44A7-A98F-D71EE158381D}.Debug_CreateSnapshot|Any CPU.Build.0 = Debug_CreateSnapshot|Any CPU
		{E73BB233-D88B-44A7-A98F-D71EE158381D}.Debug|Any CPU.ActiveCfg = Debug|Any CPU
		{E73BB233-D88B-44A7-A98F-D71EE158381D}.Debug|Any CPU.Build.0 = Debug|Any CPU
		{E73BB233-D88B-44A7-A98F-D71EE158381D}.DebugServer|Any CPU.ActiveCfg = Debug_CreateSnapshot|Any CPU
		{E73BB233-D88B-44A7-A98F-D71EE158381D}.DebugServer|Any CPU.Build.0 = Debug_CreateSnapshot|Any CPU
		{E73BB233-D88B-44A7-A98F-D71EE158381D}.Make zip release|Any CPU.ActiveCfg = Debug|Any CPU
		{E73BB233-D88B-44A7-A98F-D71EE158381D}.Make zip release|Any CPU.Build.0 = Debug|Any CPU
		{E73BB233-D88B-44A7-A98F-D71EE158381D}.Release - server|Any CPU.ActiveCfg = Release|Any CPU
		{E73BB233-D88B-44A7-A98F-D71EE158381D}.Release - server|Any CPU.Build.0 = Release|Any CPU
		{E73BB233-D88B-44A7-A98F-D71EE158381D}.Release|Any CPU.ActiveCfg = Release|Any CPU
		{E73BB233-D88B-44A7-A98F-D71EE158381D}.Release|Any CPU.Build.0 = Release|Any CPU
		{6C8A134F-E0E8-4F5D-8DC5-57313CEC1E3A}.BuildZipRelease|Any CPU.ActiveCfg = Release|Any CPU
		{6C8A134F-E0E8-4F5D-8DC5-57313CEC1E3A}.BuildZipRelease|Any CPU.Build.0 = Release|Any CPU
		{6C8A134F-E0E8-4F5D-8DC5-57313CEC1E3A}.Debug - replace taskmgr|Any CPU.ActiveCfg = Debug_CreateSnapshot|Any CPU
		{6C8A134F-E0E8-4F5D-8DC5-57313CEC1E3A}.Debug - replace taskmgr|Any CPU.Build.0 = Debug_CreateSnapshot|Any CPU
		{6C8A134F-E0E8-4F5D-8DC5-57313CEC1E3A}.Debug - server|Any CPU.ActiveCfg = Debug_CreateSnapshot|Any CPU
		{6C8A134F-E0E8-4F5D-8DC5-57313CEC1E3A}.Debug - server|Any CPU.Build.0 = Debug_CreateSnapshot|Any CPU
		{6C8A134F-E0E8-4F5D-8DC5-57313CEC1E3A}.Debug (replace taskmgr)|Any CPU.ActiveCfg = Debug_CreateSnapshot|Any CPU
		{6C8A134F-E0E8-4F5D-8DC5-57313CEC1E3A}.Debug (replace taskmgr)|Any CPU.Build.0 = Debug_CreateSnapshot|Any CPU
		{6C8A134F-E0E8-4F5D-8DC5-57313CEC1E3A}.Debug_CreateSnapshot|Any CPU.ActiveCfg = Debug_CreateSnapshot|Any CPU
		{6C8A134F-E0E8-4F5D-8DC5-57313CEC1E3A}.Debug_CreateSnapshot|Any CPU.Build.0 = Debug_CreateSnapshot|Any CPU
		{6C8A134F-E0E8-4F5D-8DC5-57313CEC1E3A}.Debug|Any CPU.ActiveCfg = Debug|Any CPU
		{6C8A134F-E0E8-4F5D-8DC5-57313CEC1E3A}.Debug|Any CPU.Build.0 = Debug|Any CPU
		{6C8A134F-E0E8-4F5D-8DC5-57313CEC1E3A}.DebugServer|Any CPU.ActiveCfg = Debug_CreateSnapshot|Any CPU
		{6C8A134F-E0E8-4F5D-8DC5-57313CEC1E3A}.DebugServer|Any CPU.Build.0 = Debug_CreateSnapshot|Any CPU
		{6C8A134F-E0E8-4F5D-8DC5-57313CEC1E3A}.Make zip release|Any CPU.ActiveCfg = Debug|Any CPU
		{6C8A134F-E0E8-4F5D-8DC5-57313CEC1E3A}.Make zip release|Any CPU.Build.0 = Debug|Any CPU
		{6C8A134F-E0E8-4F5D-8DC5-57313CEC1E3A}.Release - server|Any CPU.ActiveCfg = Release|Any CPU
		{6C8A134F-E0E8-4F5D-8DC5-57313CEC1E3A}.Release - server|Any CPU.Build.0 = Release|Any CPU
		{6C8A134F-E0E8-4F5D-8DC5-57313CEC1E3A}.Release|Any CPU.ActiveCfg = Release|Any CPU
		{6C8A134F-E0E8-4F5D-8DC5-57313CEC1E3A}.Release|Any CPU.Build.0 = Release|Any CPU
		{602F813A-2157-4050-8ADA-10217636F33E}.BuildZipRelease|Any CPU.ActiveCfg = Release|Any CPU
		{602F813A-2157-4050-8ADA-10217636F33E}.BuildZipRelease|Any CPU.Build.0 = Release|Any CPU
		{602F813A-2157-4050-8ADA-10217636F33E}.Debug - replace taskmgr|Any CPU.ActiveCfg = Debug_CreateSnapshot|Any CPU
		{602F813A-2157-4050-8ADA-10217636F33E}.Debug - replace taskmgr|Any CPU.Build.0 = Debug_CreateSnapshot|Any CPU
		{602F813A-2157-4050-8ADA-10217636F33E}.Debug - server|Any CPU.ActiveCfg = Debug_CreateSnapshot|Any CPU
		{602F813A-2157-4050-8ADA-10217636F33E}.Debug - server|Any CPU.Build.0 = Debug_CreateSnapshot|Any CPU
		{602F813A-2157-4050-8ADA-10217636F33E}.Debug (replace taskmgr)|Any CPU.ActiveCfg = Debug_CreateSnapshot|Any CPU
		{602F813A-2157-4050-8ADA-10217636F33E}.Debug (replace taskmgr)|Any CPU.Build.0 = Debug_CreateSnapshot|Any CPU
		{602F813A-2157-4050-8ADA-10217636F33E}.Debug_CreateSnapshot|Any CPU.ActiveCfg = Debug_CreateSnapshot|Any CPU
		{602F813A-2157-4050-8ADA-10217636F33E}.Debug_CreateSnapshot|Any CPU.Build.0 = Debug_CreateSnapshot|Any CPU
		{602F813A-2157-4050-8ADA-10217636F33E}.Debug|Any CPU.ActiveCfg = Debug|Any CPU
		{602F813A-2157-4050-8ADA-10217636F33E}.Debug|Any CPU.Build.0 = Debug|Any CPU
		{602F813A-2157-4050-8ADA-10217636F33E}.DebugServer|Any CPU.ActiveCfg = Debug_CreateSnapshot|Any CPU
		{602F813A-2157-4050-8ADA-10217636F33E}.DebugServer|Any CPU.Build.0 = Debug_CreateSnapshot|Any CPU
		{602F813A-2157-4050-8ADA-10217636F33E}.Make zip release|Any CPU.ActiveCfg = Debug|Any CPU
		{602F813A-2157-4050-8ADA-10217636F33E}.Make zip release|Any CPU.Build.0 = Debug|Any CPU
		{602F813A-2157-4050-8ADA-10217636F33E}.Release - server|Any CPU.ActiveCfg = Release|Any CPU
		{602F813A-2157-4050-8ADA-10217636F33E}.Release - server|Any CPU.Build.0 = Release|Any CPU
		{602F813A-2157-4050-8ADA-10217636F33E}.Release|Any CPU.ActiveCfg = Release|Any CPU
		{602F813A-2157-4050-8ADA-10217636F33E}.Release|Any CPU.Build.0 = Release|Any CPU
		{12EE0447-8AC7-4E1C-87B3-428A1A414CDF}.BuildZipRelease|Any CPU.ActiveCfg = BuildZipRelease|Any CPU
		{12EE0447-8AC7-4E1C-87B3-428A1A414CDF}.BuildZipRelease|Any CPU.Build.0 = BuildZipRelease|Any CPU
		{12EE0447-8AC7-4E1C-87B3-428A1A414CDF}.Debug - replace taskmgr|Any CPU.ActiveCfg = Debug - replace taskmgr|Any CPU
		{12EE0447-8AC7-4E1C-87B3-428A1A414CDF}.Debug - replace taskmgr|Any CPU.Build.0 = Debug - replace taskmgr|Any CPU
		{12EE0447-8AC7-4E1C-87B3-428A1A414CDF}.Debug - server|Any CPU.ActiveCfg = Debug (replace taskmgr)|Any CPU
		{12EE0447-8AC7-4E1C-87B3-428A1A414CDF}.Debug - server|Any CPU.Build.0 = Debug (replace taskmgr)|Any CPU
		{12EE0447-8AC7-4E1C-87B3-428A1A414CDF}.Debug (replace taskmgr)|Any CPU.ActiveCfg = Debug (replace taskmgr)|Any CPU
		{12EE0447-8AC7-4E1C-87B3-428A1A414CDF}.Debug (replace taskmgr)|Any CPU.Build.0 = Debug (replace taskmgr)|Any CPU
		{12EE0447-8AC7-4E1C-87B3-428A1A414CDF}.Debug_CreateSnapshot|Any CPU.ActiveCfg = Debug_CreateSnapshot|Any CPU
		{12EE0447-8AC7-4E1C-87B3-428A1A414CDF}.Debug_CreateSnapshot|Any CPU.Build.0 = Debug_CreateSnapshot|Any CPU
		{12EE0447-8AC7-4E1C-87B3-428A1A414CDF}.Debug|Any CPU.ActiveCfg = Debug|Any CPU
		{12EE0447-8AC7-4E1C-87B3-428A1A414CDF}.Debug|Any CPU.Build.0 = Debug|Any CPU
		{12EE0447-8AC7-4E1C-87B3-428A1A414CDF}.DebugServer|Any CPU.ActiveCfg = DebugServer|Any CPU
		{12EE0447-8AC7-4E1C-87B3-428A1A414CDF}.DebugServer|Any CPU.Build.0 = DebugServer|Any CPU
		{12EE0447-8AC7-4E1C-87B3-428A1A414CDF}.Make zip release|Any CPU.ActiveCfg = Make zip release|Any CPU
		{12EE0447-8AC7-4E1C-87B3-428A1A414CDF}.Make zip release|Any CPU.Build.0 = Make zip release|Any CPU
		{12EE0447-8AC7-4E1C-87B3-428A1A414CDF}.Release - server|Any CPU.ActiveCfg = Release|Any CPU
		{12EE0447-8AC7-4E1C-87B3-428A1A414CDF}.Release - server|Any CPU.Build.0 = Release|Any CPU
		{12EE0447-8AC7-4E1C-87B3-428A1A414CDF}.Release|Any CPU.ActiveCfg = Release|Any CPU
		{12EE0447-8AC7-4E1C-87B3-428A1A414CDF}.Release|Any CPU.Build.0 = Release|Any CPU
		{5BF15AF5-DEB8-46A8-99C7-21993617D0C8}.BuildZipRelease|Any CPU.ActiveCfg = BuildZipRelease|Any CPU
		{5BF15AF5-DEB8-46A8-99C7-21993617D0C8}.BuildZipRelease|Any CPU.Build.0 = BuildZipRelease|Any CPU
		{5BF15AF5-DEB8-46A8-99C7-21993617D0C8}.Debug - replace taskmgr|Any CPU.ActiveCfg = Debug - replace taskmgr|Any CPU
		{5BF15AF5-DEB8-46A8-99C7-21993617D0C8}.Debug - replace taskmgr|Any CPU.Build.0 = Debug - replace taskmgr|Any CPU
		{5BF15AF5-DEB8-46A8-99C7-21993617D0C8}.Debug - server|Any CPU.ActiveCfg = debug - server|Any CPU
		{5BF15AF5-DEB8-46A8-99C7-21993617D0C8}.Debug - server|Any CPU.Build.0 = debug - server|Any CPU
		{5BF15AF5-DEB8-46A8-99C7-21993617D0C8}.Debug (replace taskmgr)|Any CPU.ActiveCfg = Debug (replace taskmgr)|Any CPU
		{5BF15AF5-DEB8-46A8-99C7-21993617D0C8}.Debug (replace taskmgr)|Any CPU.Build.0 = Debug (replace taskmgr)|Any CPU
		{5BF15AF5-DEB8-46A8-99C7-21993617D0C8}.Debug_CreateSnapshot|Any CPU.ActiveCfg = Debug_CreateSnapshot|Any CPU
		{5BF15AF5-DEB8-46A8-99C7-21993617D0C8}.Debug_CreateSnapshot|Any CPU.Build.0 = Debug_CreateSnapshot|Any CPU
		{5BF15AF5-DEB8-46A8-99C7-21993617D0C8}.Debug|Any CPU.ActiveCfg = Debug|Any CPU
		{5BF15AF5-DEB8-46A8-99C7-21993617D0C8}.Debug|Any CPU.Build.0 = Debug|Any CPU
		{5BF15AF5-DEB8-46A8-99C7-21993617D0C8}.DebugServer|Any CPU.ActiveCfg = DebugServer|Any CPU
		{5BF15AF5-DEB8-46A8-99C7-21993617D0C8}.DebugServer|Any CPU.Build.0 = DebugServer|Any CPU
		{5BF15AF5-DEB8-46A8-99C7-21993617D0C8}.Make zip release|Any CPU.ActiveCfg = Make zip release|Any CPU
		{5BF15AF5-DEB8-46A8-99C7-21993617D0C8}.Make zip release|Any CPU.Build.0 = Make zip release|Any CPU
		{5BF15AF5-DEB8-46A8-99C7-21993617D0C8}.Release - server|Any CPU.ActiveCfg = Release - server|Any CPU
		{5BF15AF5-DEB8-46A8-99C7-21993617D0C8}.Release - server|Any CPU.Build.0 = Release - server|Any CPU
		{5BF15AF5-DEB8-46A8-99C7-21993617D0C8}.Release|Any CPU.ActiveCfg = Release|Any CPU
		{5BF15AF5-DEB8-46A8-99C7-21993617D0C8}.Release|Any CPU.Build.0 = Release|Any CPU
	EndGlobalSection
	GlobalSection(SolutionProperties) = preSolution
		HideSolutionNode = FALSE
	EndGlobalSection
	GlobalSection(ExtensibilityGlobals) = postSolution
		SolutionGuid = {8C720503-B4F6-4555-B01E-79B77B9D0A64}
	EndGlobalSection
EndGlobal
